
Microsoft Visual Studio Solution File, Format Version 12.00
# Visual Studio 15
VisualStudioVersion = 15.0.28010.2016
MinimumVisualStudioVersion = 10.0.40219.1
Project("{FAE04EC0-301F-11D3-BF4B-00C04F79EFBC}") = "ExcelGuiFun", "ExcelGuiFun\ExcelGuiFun.csproj", "{71B1B296-A4B5-4D20-AF32-EE5E6E249A6C}"
EndProject
Project("{FAE04EC0-301F-11D3-BF4B-00C04F79EFBC}") = "ExcelGuiConsoleTests", "IntegrationTests\ExcelGuiConsoleTests.csproj", "{4722B26C-2EC9-4AB3-9F6E-22836686928B}"
EndProject
Project("{FAE04EC0-301F-11D3-BF4B-00C04F79EFBC}") = "ExcelGuiFunUnitTests", "ExcelGuiFunUnitTests\ExcelGuiFunUnitTests.csproj", "{4446E166-59F1-4B63-9DC7-6D1DBD6C6CDE}"
EndProject
Global
	GlobalSection(SolutionConfigurationPlatforms) = preSolution
		Debug|Any CPU = Debug|Any CPU
		Release|Any CPU = Release|Any CPU
	EndGlobalSection
	GlobalSection(ProjectConfigurationPlatforms) = postSolution
		{71B1B296-A4B5-4D20-AF32-EE5E6E249A6C}.Debug|Any CPU.ActiveCfg = Debug|Any CPU
		{71B1B296-A4B5-4D20-AF32-EE5E6E249A6C}.Debug|Any CPU.Build.0 = Debug|Any CPU
		{71B1B296-A4B5-4D20-AF32-EE5E6E249A6C}.Release|Any CPU.ActiveCfg = Release|Any CPU
		{71B1B296-A4B5-4D20-AF32-EE5E6E249A6C}.Release|Any CPU.Build.0 = Release|Any CPU
		{4722B26C-2EC9-4AB3-9F6E-22836686928B}.Debug|Any CPU.ActiveCfg = Debug|Any CPU
		{4722B26C-2EC9-4AB3-9F6E-22836686928B}.Debug|Any CPU.Build.0 = Debug|Any CPU
		{4722B26C-2EC9-4AB3-9F6E-22836686928B}.Release|Any CPU.ActiveCfg = Release|Any CPU
		{4722B26C-2EC9-4AB3-9F6E-22836686928B}.Release|Any CPU.Build.0 = Release|Any CPU
		{4446E166-59F1-4B63-9DC7-6D1DBD6C6CDE}.Debug|Any CPU.ActiveCfg = Debug|Any CPU
		{4446E166-59F1-4B63-9DC7-6D1DBD6C6CDE}.Debug|Any CPU.Build.0 = Debug|Any CPU
		{4446E166-59F1-4B63-9DC7-6D1DBD6C6CDE}.Release|Any CPU.ActiveCfg = Release|Any CPU
		{4446E166-59F1-4B63-9DC7-6D1DBD6C6CDE}.Release|Any CPU.Build.0 = Release|Any CPU
	EndGlobalSection
	GlobalSection(SolutionProperties) = preSolution
		HideSolutionNode = FALSE
	EndGlobalSection
	GlobalSection(ExtensibilityGlobals) = postSolution
		SolutionGuid = {042D1E89-739A-4E2A-B285-D0AD6CD9A0AC}
	EndGlobalSection
EndGlobal
